
Microsoft Visual Studio Solution File, Format Version 12.00
Project("{FAE04EC0-301F-11D3-BF4B-00C04F79EFBC}") = "formula", "formula\formula.csproj", "{31C4FDE0-5352-46AD-9BFF-5E9AD1588113}"
EndProject
Global
	GlobalSection(SolutionConfigurationPlatforms) = preSolution
		Debug|Any CPU = Debug|Any CPU
		Release|Any CPU = Release|Any CPU
	EndGlobalSection
	GlobalSection(ProjectConfigurationPlatforms) = postSolution
		{31C4FDE0-5352-46AD-9BFF-5E9AD1588113}.Debug|Any CPU.ActiveCfg = Debug|Any CPU
		{31C4FDE0-5352-46AD-9BFF-5E9AD1588113}.Debug|Any CPU.Build.0 = Debug|Any CPU
		{31C4FDE0-5352-46AD-9BFF-5E9AD1588113}.Release|Any CPU.ActiveCfg = Release|Any CPU
		{31C4FDE0-5352-46AD-9BFF-5E9AD1588113}.Release|Any CPU.Build.0 = Release|Any CPU
	EndGlobalSection
EndGlobal
