
Microsoft Visual Studio Solution File, Format Version 12.00
Project("{FAE04EC0-301F-11D3-BF4B-00C04F79EFBC}") = "formulamap", "formulamap\formulamap.csproj", "{B7A8147E-91BB-43DC-B826-9D081C694011}"
EndProject
Global
	GlobalSection(SolutionConfigurationPlatforms) = preSolution
		Debug|Any CPU = Debug|Any CPU
		Release|Any CPU = Release|Any CPU
	EndGlobalSection
	GlobalSection(ProjectConfigurationPlatforms) = postSolution
		{B7A8147E-91BB-43DC-B826-9D081C694011}.Debug|Any CPU.ActiveCfg = Debug|Any CPU
		{B7A8147E-91BB-43DC-B826-9D081C694011}.Debug|Any CPU.Build.0 = Debug|Any CPU
		{B7A8147E-91BB-43DC-B826-9D081C694011}.Release|Any CPU.ActiveCfg = Release|Any CPU
		{B7A8147E-91BB-43DC-B826-9D081C694011}.Release|Any CPU.Build.0 = Release|Any CPU
	EndGlobalSection
EndGlobal
